
Microsoft Visual Studio Solution File, Format Version 12.00
# Visual Studio Version 17
VisualStudioVersion = 17.2.32616.157
MinimumVisualStudioVersion = 10.0.40219.1
Project("{9A19103F-16F7-4668-BE54-9A1E7A4F7556}") = "StudentMS.Data", "StudentMS.Data\StudentMS.Data.csproj", "{4CD2FE83-F1F8-4A93-9D32-EDB2064DDEB4}"
EndProject
Project("{9A19103F-16F7-4668-BE54-9A1E7A4F7556}") = "StudentMS.Application", "StudentMS.AdminApp\StudentMS.Application.csproj", "{98CC87DC-2229-42DE-A0A4-0C8F2736D923}"
EndProject
Project("{9A19103F-16F7-4668-BE54-9A1E7A4F7556}") = "StudentMS.ViewModel", "StudentMS.ViewModel\StudentMS.ViewModel.csproj", "{BD17D667-0895-47C3-BFD5-E7E2C6FBD90F}"
EndProject
Project("{9A19103F-16F7-4668-BE54-9A1E7A4F7556}") = "StudentMS.BackendApi", "StudentMS.BackendApi\StudentMS.BackendApi.csproj", "{1F2843CC-C9AE-42A6-B096-2D60B4516D93}"
EndProject
Project("{FAE04EC0-301F-11D3-BF4B-00C04F79EFBC}") = "StudentMS.WebApp", "StudentMS.WebApp\StudentMS.WebApp.csproj", "{F648A3C4-6FCE-403E-BCBA-59FCDBD05501}"
EndProject
Global
	GlobalSection(SolutionConfigurationPlatforms) = preSolution
		Debug|Any CPU = Debug|Any CPU
		Release|Any CPU = Release|Any CPU
	EndGlobalSection
	GlobalSection(ProjectConfigurationPlatforms) = postSolution
		{4CD2FE83-F1F8-4A93-9D32-EDB2064DDEB4}.Debug|Any CPU.ActiveCfg = Debug|Any CPU
		{4CD2FE83-F1F8-4A93-9D32-EDB2064DDEB4}.Debug|Any CPU.Build.0 = Debug|Any CPU
		{4CD2FE83-F1F8-4A93-9D32-EDB2064DDEB4}.Release|Any CPU.ActiveCfg = Release|Any CPU
		{4CD2FE83-F1F8-4A93-9D32-EDB2064DDEB4}.Release|Any CPU.Build.0 = Release|Any CPU
		{98CC87DC-2229-42DE-A0A4-0C8F2736D923}.Debug|Any CPU.ActiveCfg = Debug|Any CPU
		{98CC87DC-2229-42DE-A0A4-0C8F2736D923}.Debug|Any CPU.Build.0 = Debug|Any CPU
		{98CC87DC-2229-42DE-A0A4-0C8F2736D923}.Release|Any CPU.ActiveCfg = Release|Any CPU
		{98CC87DC-2229-42DE-A0A4-0C8F2736D923}.Release|Any CPU.Build.0 = Release|Any CPU
		{BD17D667-0895-47C3-BFD5-E7E2C6FBD90F}.Debug|Any CPU.ActiveCfg = Debug|Any CPU
		{BD17D667-0895-47C3-BFD5-E7E2C6FBD90F}.Debug|Any CPU.Build.0 = Debug|Any CPU
		{BD17D667-0895-47C3-BFD5-E7E2C6FBD90F}.Release|Any CPU.ActiveCfg = Release|Any CPU
		{BD17D667-0895-47C3-BFD5-E7E2C6FBD90F}.Release|Any CPU.Build.0 = Release|Any CPU
		{1F2843CC-C9AE-42A6-B096-2D60B4516D93}.Debug|Any CPU.ActiveCfg = Debug|Any CPU
		{1F2843CC-C9AE-42A6-B096-2D60B4516D93}.Debug|Any CPU.Build.0 = Debug|Any CPU
		{1F2843CC-C9AE-42A6-B096-2D60B4516D93}.Release|Any CPU.ActiveCfg = Release|Any CPU
		{1F2843CC-C9AE-42A6-B096-2D60B4516D93}.Release|Any CPU.Build.0 = Release|Any CPU
		{F648A3C4-6FCE-403E-BCBA-59FCDBD05501}.Debug|Any CPU.ActiveCfg = Debug|Any CPU
		{F648A3C4-6FCE-403E-BCBA-59FCDBD05501}.Debug|Any CPU.Build.0 = Debug|Any CPU
		{F648A3C4-6FCE-403E-BCBA-59FCDBD05501}.Release|Any CPU.ActiveCfg = Release|Any CPU
		{F648A3C4-6FCE-403E-BCBA-59FCDBD05501}.Release|Any CPU.Build.0 = Release|Any CPU
	EndGlobalSection
	GlobalSection(SolutionProperties) = preSolution
		HideSolutionNode = FALSE
	EndGlobalSection
	GlobalSection(ExtensibilityGlobals) = postSolution
		SolutionGuid = {AB9D833F-A6FC-48B7-B93C-2E1E6A84169C}
	EndGlobalSection
EndGlobal
